
Microsoft Visual Studio Solution File, Format Version 12.00
# Visual Studio Version 17
VisualStudioVersion = 17.11.35222.181
MinimumVisualStudioVersion = 10.0.40219.1
Project("{FAE04EC0-301F-11D3-BF4B-00C04F79EFBC}") = "YNVRTemperature", "YNVRTemperature\YNVRTemperature.csproj", "{87079D0D-9F25-40FB-8DF6-D676FE2A51B8}"
EndProject
Project("{FAE04EC0-301F-11D3-BF4B-00C04F79EFBC}") = "YNVR.Temperature.UnitTest", "YNVR.Temperature.UnitTest\YNVR.Temperature.UnitTest.csproj", "{B881FEA4-287B-41B1-B6E2-A9FC71C620CF}"
EndProject
Project("{FAE04EC0-301F-11D3-BF4B-00C04F79EFBC}") = "NYVR.Temperature.UnitTest.xUnit", "NYVR.Temperature.UnitTest.xUnit\NYVR.Temperature.UnitTest.xUnit.csproj", "{6A9B4CC8-518F-4E5E-8623-8FE93C909128}"
EndProject
Global
	GlobalSection(SolutionConfigurationPlatforms) = preSolution
		Debug|Any CPU = Debug|Any CPU
		Release|Any CPU = Release|Any CPU
	EndGlobalSection
	GlobalSection(ProjectConfigurationPlatforms) = postSolution
		{87079D0D-9F25-40FB-8DF6-D676FE2A51B8}.Debug|Any CPU.ActiveCfg = Debug|Any CPU
		{87079D0D-9F25-40FB-8DF6-D676FE2A51B8}.Debug|Any CPU.Build.0 = Debug|Any CPU
		{87079D0D-9F25-40FB-8DF6-D676FE2A51B8}.Release|Any CPU.ActiveCfg = Release|Any CPU
		{87079D0D-9F25-40FB-8DF6-D676FE2A51B8}.Release|Any CPU.Build.0 = Release|Any CPU
		{B881FEA4-287B-41B1-B6E2-A9FC71C620CF}.Debug|Any CPU.ActiveCfg = Debug|Any CPU
		{B881FEA4-287B-41B1-B6E2-A9FC71C620CF}.Debug|Any CPU.Build.0 = Debug|Any CPU
		{B881FEA4-287B-41B1-B6E2-A9FC71C620CF}.Release|Any CPU.ActiveCfg = Release|Any CPU
		{B881FEA4-287B-41B1-B6E2-A9FC71C620CF}.Release|Any CPU.Build.0 = Release|Any CPU
		{6A9B4CC8-518F-4E5E-8623-8FE93C909128}.Debug|Any CPU.ActiveCfg = Debug|Any CPU
		{6A9B4CC8-518F-4E5E-8623-8FE93C909128}.Debug|Any CPU.Build.0 = Debug|Any CPU
		{6A9B4CC8-518F-4E5E-8623-8FE93C909128}.Release|Any CPU.ActiveCfg = Release|Any CPU
		{6A9B4CC8-518F-4E5E-8623-8FE93C909128}.Release|Any CPU.Build.0 = Release|Any CPU
	EndGlobalSection
	GlobalSection(SolutionProperties) = preSolution
		HideSolutionNode = FALSE
	EndGlobalSection
	GlobalSection(ExtensibilityGlobals) = postSolution
		SolutionGuid = {548DAD71-1819-4626-A3E5-2F5A10545170}
	EndGlobalSection
EndGlobal
